// !$*UTF8*$!
{
	archiveVersion = 1;
	classes = {
	};
	objectVersion = 56;
	objects = {

/* Begin PBXBuildFile section */
		C93154632A8220EB00855914 /* AppDelegate.swift in Sources */ = {isa = PBXBuildFile; fileRef = C93154622A8220EB00855914 /* AppDelegate.swift */; };
		C93154652A8220EB00855914 /* SceneDelegate.swift in Sources */ = {isa = PBXBuildFile; fileRef = C93154642A8220EB00855914 /* SceneDelegate.swift */; };
		C931546C2A8220EC00855914 /* Assets.xcassets in Resources */ = {isa = PBXBuildFile; fileRef = C931546B2A8220EC00855914 /* Assets.xcassets */; };
		C931546F2A8220EC00855914 /* LaunchScreen.storyboard in Resources */ = {isa = PBXBuildFile; fileRef = C931546D2A8220EC00855914 /* LaunchScreen.storyboard */; };
		C93154902A8222A700855914 /* AppCoordinator.swift in Sources */ = {isa = PBXBuildFile; fileRef = C93154822A8222A700855914 /* AppCoordinator.swift */; };
		C93154912A8222A700855914 /* Router.swift in Sources */ = {isa = PBXBuildFile; fileRef = C93154832A8222A700855914 /* Router.swift */; };
		C93154932A8222A700855914 /* BaseCoordinator.swift in Sources */ = {isa = PBXBuildFile; fileRef = C93154872A8222A700855914 /* BaseCoordinator.swift */; };
		C93154942A8222A700855914 /* MainCoordinator.swift in Sources */ = {isa = PBXBuildFile; fileRef = C93154892A8222A700855914 /* MainCoordinator.swift */; };
		C93154952A8222A700855914 /* CoordinatorFactory.swift in Sources */ = {isa = PBXBuildFile; fileRef = C931548B2A8222A700855914 /* CoordinatorFactory.swift */; };
		C93154962A8222A700855914 /* Routable.swift in Sources */ = {isa = PBXBuildFile; fileRef = C931548D2A8222A700855914 /* Routable.swift */; };
		C93154972A8222A700855914 /* Presentable.swift in Sources */ = {isa = PBXBuildFile; fileRef = C931548E2A8222A700855914 /* Presentable.swift */; };
		C93154982A8222A700855914 /* Coordinator.swift in Sources */ = {isa = PBXBuildFile; fileRef = C931548F2A8222A700855914 /* Coordinator.swift */; };
		C931549A2A8223C900855914 /* PlayersListScreen.swift in Sources */ = {isa = PBXBuildFile; fileRef = C93154992A8223C900855914 /* PlayersListScreen.swift */; };
		C931549E2A82249E00855914 /* PlayersListViewModel.swift in Sources */ = {isa = PBXBuildFile; fileRef = C931549D2A82249E00855914 /* PlayersListViewModel.swift */; };
		C93154A12A82261100855914 /* ModulesFactory.swift in Sources */ = {isa = PBXBuildFile; fileRef = C93154A02A82261100855914 /* ModulesFactory.swift */; };
		C93154A42A8228D400855914 /* PlayerInfo.swift in Sources */ = {isa = PBXBuildFile; fileRef = C93154A32A8228D400855914 /* PlayerInfo.swift */; };
		C93154A72A82295000855914 /* Player.swift in Sources */ = {isa = PBXBuildFile; fileRef = C93154A62A82295000855914 /* Player.swift */; };
		C93154AD2A822C3900855914 /* MockNetworkService.swift in Sources */ = {isa = PBXBuildFile; fileRef = C93154AC2A822C3900855914 /* MockNetworkService.swift */; };
		C93154B02A822C7B00855914 /* DataProvider.swift in Sources */ = {isa = PBXBuildFile; fileRef = C93154AF2A822C7B00855914 /* DataProvider.swift */; };
		C93154B22A822D0A00855914 /* players.json in Resources */ = {isa = PBXBuildFile; fileRef = C93154B12A822D0A00855914 /* players.json */; };
		C93154B52A822FC500855914 /* PlayerDetailScreen.swift in Sources */ = {isa = PBXBuildFile; fileRef = C93154B42A822FC500855914 /* PlayerDetailScreen.swift */; };
		C93154B72A82303A00855914 /* PlayerDetailViewModel.swift in Sources */ = {isa = PBXBuildFile; fileRef = C93154B62A82303A00855914 /* PlayerDetailViewModel.swift */; };
/* End PBXBuildFile section */

/* Begin PBXFileReference section */
		C931545F2A8220EB00855914 /* PlayersApp.app */ = {isa = PBXFileReference; explicitFileType = wrapper.application; includeInIndex = 0; path = PlayersApp.app; sourceTree = BUILT_PRODUCTS_DIR; };
		C93154622A8220EB00855914 /* AppDelegate.swift */ = {isa = PBXFileReference; lastKnownFileType = sourcecode.swift; path = AppDelegate.swift; sourceTree = "<group>"; };
		C93154642A8220EB00855914 /* SceneDelegate.swift */ = {isa = PBXFileReference; lastKnownFileType = sourcecode.swift; path = SceneDelegate.swift; sourceTree = "<group>"; };
		C931546B2A8220EC00855914 /* Assets.xcassets */ = {isa = PBXFileReference; lastKnownFileType = folder.assetcatalog; path = Assets.xcassets; sourceTree = "<group>"; };
		C931546E2A8220EC00855914 /* Base */ = {isa = PBXFileReference; lastKnownFileType = file.storyboard; name = Base; path = Base.lproj/LaunchScreen.storyboard; sourceTree = "<group>"; };
		C93154702A8220EC00855914 /* Info.plist */ = {isa = PBXFileReference; lastKnownFileType = text.plist.xml; path = Info.plist; sourceTree = "<group>"; };
		C93154822A8222A700855914 /* AppCoordinator.swift */ = {isa = PBXFileReference; fileEncoding = 4; lastKnownFileType = sourcecode.swift; path = AppCoordinator.swift; sourceTree = "<group>"; };
		C93154832A8222A700855914 /* Router.swift */ = {isa = PBXFileReference; fileEncoding = 4; lastKnownFileType = sourcecode.swift; path = Router.swift; sourceTree = "<group>"; };
		C93154872A8222A700855914 /* BaseCoordinator.swift */ = {isa = PBXFileReference; fileEncoding = 4; lastKnownFileType = sourcecode.swift; path = BaseCoordinator.swift; sourceTree = "<group>"; };
		C93154892A8222A700855914 /* MainCoordinator.swift */ = {isa = PBXFileReference; fileEncoding = 4; lastKnownFileType = sourcecode.swift; path = MainCoordinator.swift; sourceTree = "<group>"; };
		C931548B2A8222A700855914 /* CoordinatorFactory.swift */ = {isa = PBXFileReference; fileEncoding = 4; lastKnownFileType = sourcecode.swift; path = CoordinatorFactory.swift; sourceTree = "<group>"; };
		C931548D2A8222A700855914 /* Routable.swift */ = {isa = PBXFileReference; fileEncoding = 4; lastKnownFileType = sourcecode.swift; path = Routable.swift; sourceTree = "<group>"; };
		C931548E2A8222A700855914 /* Presentable.swift */ = {isa = PBXFileReference; fileEncoding = 4; lastKnownFileType = sourcecode.swift; path = Presentable.swift; sourceTree = "<group>"; };
		C931548F2A8222A700855914 /* Coordinator.swift */ = {isa = PBXFileReference; fileEncoding = 4; lastKnownFileType = sourcecode.swift; path = Coordinator.swift; sourceTree = "<group>"; };
		C93154992A8223C900855914 /* PlayersListScreen.swift */ = {isa = PBXFileReference; lastKnownFileType = sourcecode.swift; path = PlayersListScreen.swift; sourceTree = "<group>"; };
		C931549D2A82249E00855914 /* PlayersListViewModel.swift */ = {isa = PBXFileReference; lastKnownFileType = sourcecode.swift; path = PlayersListViewModel.swift; sourceTree = "<group>"; };
		C93154A02A82261100855914 /* ModulesFactory.swift */ = {isa = PBXFileReference; lastKnownFileType = sourcecode.swift; path = ModulesFactory.swift; sourceTree = "<group>"; };
		C93154A32A8228D400855914 /* PlayerInfo.swift */ = {isa = PBXFileReference; lastKnownFileType = sourcecode.swift; path = PlayerInfo.swift; sourceTree = "<group>"; };
		C93154A62A82295000855914 /* Player.swift */ = {isa = PBXFileReference; lastKnownFileType = sourcecode.swift; path = Player.swift; sourceTree = "<group>"; };
		C93154AC2A822C3900855914 /* MockNetworkService.swift */ = {isa = PBXFileReference; lastKnownFileType = sourcecode.swift; path = MockNetworkService.swift; sourceTree = "<group>"; };
		C93154AF2A822C7B00855914 /* DataProvider.swift */ = {isa = PBXFileReference; lastKnownFileType = sourcecode.swift; path = DataProvider.swift; sourceTree = "<group>"; };
		C93154B12A822D0A00855914 /* players.json */ = {isa = PBXFileReference; fileEncoding = 4; lastKnownFileType = text.json; path = players.json; sourceTree = "<group>"; };
		C93154B42A822FC500855914 /* PlayerDetailScreen.swift */ = {isa = PBXFileReference; lastKnownFileType = sourcecode.swift; path = PlayerDetailScreen.swift; sourceTree = "<group>"; };
		C93154B62A82303A00855914 /* PlayerDetailViewModel.swift */ = {isa = PBXFileReference; lastKnownFileType = sourcecode.swift; path = PlayerDetailViewModel.swift; sourceTree = "<group>"; };
/* End PBXFileReference section */

/* Begin PBXFrameworksBuildPhase section */
		C931545C2A8220EB00855914 /* Frameworks */ = {
			isa = PBXFrameworksBuildPhase;
			buildActionMask = 2147483647;
			files = (
			);
			runOnlyForDeploymentPostprocessing = 0;
		};
/* End PBXFrameworksBuildPhase section */

/* Begin PBXGroup section */
		C93154562A8220EB00855914 = {
			isa = PBXGroup;
			children = (
				C93154612A8220EB00855914 /* PlayersApp */,
				C93154602A8220EB00855914 /* Products */,
			);
			sourceTree = "<group>";
		};
		C93154602A8220EB00855914 /* Products */ = {
			isa = PBXGroup;
			children = (
				C931545F2A8220EB00855914 /* PlayersApp.app */,
			);
			name = Products;
			sourceTree = "<group>";
		};
		C93154612A8220EB00855914 /* PlayersApp */ = {
			isa = PBXGroup;
			children = (
				C93154762A82212700855914 /* App */,
				C931547A2A82217D00855914 /* Entities */,
				C931547B2A82218400855914 /* Core */,
				C931547C2A82218C00855914 /* Enviroments */,
				C931547D2A82219700855914 /* Flows */,
				C931547E2A82219C00855914 /* Resources */,
			);
			path = PlayersApp;
			sourceTree = "<group>";
		};
		C93154762A82212700855914 /* App */ = {
			isa = PBXGroup;
			children = (
				C93154772A82215200855914 /* AppDelegate */,
				C93154782A82215F00855914 /* Assembly */,
				C93154792A82216C00855914 /* BussinessLogic */,
			);
			path = App;
			sourceTree = "<group>";
		};
		C93154772A82215200855914 /* AppDelegate */ = {
			isa = PBXGroup;
			children = (
				C93154622A8220EB00855914 /* AppDelegate.swift */,
				C93154642A8220EB00855914 /* SceneDelegate.swift */,
			);
			path = AppDelegate;
			sourceTree = "<group>";
		};
		C93154782A82215F00855914 /* Assembly */ = {
			isa = PBXGroup;
			children = (
				C931549F2A8225FD00855914 /* Modules */,
			);
			path = Assembly;
			sourceTree = "<group>";
		};
		C93154792A82216C00855914 /* BussinessLogic */ = {
			isa = PBXGroup;
			children = (
				C93154AB2A822C2200855914 /* MockNetworkService */,
				C931547F2A8222A700855914 /* Coordinator */,
			);
			path = BussinessLogic;
			sourceTree = "<group>";
		};
		C931547A2A82217D00855914 /* Entities */ = {
			isa = PBXGroup;
			children = (
				C93154A52A82294800855914 /* Player */,
				C93154A22A8228C500855914 /* PlayerInfo */,
			);
			path = Entities;
			sourceTree = "<group>";
		};
		C931547B2A82218400855914 /* Core */ = {
			isa = PBXGroup;
			children = (
				C93154AE2A822C6A00855914 /* protocols */,
			);
			path = Core;
			sourceTree = "<group>";
		};
		C931547C2A82218C00855914 /* Enviroments */ = {
			isa = PBXGroup;
			children = (
				C93154702A8220EC00855914 /* Info.plist */,
			);
			path = Enviroments;
			sourceTree = "<group>";
		};
		C931547D2A82219700855914 /* Flows */ = {
			isa = PBXGroup;
			children = (
				C93154B32A822FAF00855914 /* PlayerDetailScreen */,
				C931549C2A82243C00855914 /* LaunchScreen */,
				C931549B2A82243600855914 /* PlayersListScreen */,
			);
			path = Flows;
			sourceTree = "<group>";
		};
		C931547E2A82219C00855914 /* Resources */ = {
			isa = PBXGroup;
			children = (
				C93154B12A822D0A00855914 /* players.json */,
				C931546B2A8220EC00855914 /* Assets.xcassets */,
			);
			path = Resources;
			sourceTree = "<group>";
		};
		C931547F2A8222A700855914 /* Coordinator */ = {
			isa = PBXGroup;
			children = (
				C93154802A8222A700855914 /* Coordinators */,
				C931548A2A8222A700855914 /* CoordinatorFactory */,
				C931548C2A8222A700855914 /* Protocols */,
			);
			path = Coordinator;
			sourceTree = "<group>";
		};
		C93154802A8222A700855914 /* Coordinators */ = {
			isa = PBXGroup;
			children = (
				C93154812A8222A700855914 /* AppCoordinator */,
				C93154862A8222A700855914 /* BaseCoordinator */,
				C93154882A8222A700855914 /* MainCoordinator */,
			);
			path = Coordinators;
			sourceTree = "<group>";
		};
		C93154812A8222A700855914 /* AppCoordinator */ = {
			isa = PBXGroup;
			children = (
				C93154822A8222A700855914 /* AppCoordinator.swift */,
				C93154832A8222A700855914 /* Router.swift */,
			);
			path = AppCoordinator;
			sourceTree = "<group>";
		};
		C93154862A8222A700855914 /* BaseCoordinator */ = {
			isa = PBXGroup;
			children = (
				C93154872A8222A700855914 /* BaseCoordinator.swift */,
			);
			path = BaseCoordinator;
			sourceTree = "<group>";
		};
		C93154882A8222A700855914 /* MainCoordinator */ = {
			isa = PBXGroup;
			children = (
				C93154892A8222A700855914 /* MainCoordinator.swift */,
			);
			path = MainCoordinator;
			sourceTree = "<group>";
		};
		C931548A2A8222A700855914 /* CoordinatorFactory */ = {
			isa = PBXGroup;
			children = (
				C931548B2A8222A700855914 /* CoordinatorFactory.swift */,
			);
			path = CoordinatorFactory;
			sourceTree = "<group>";
		};
		C931548C2A8222A700855914 /* Protocols */ = {
			isa = PBXGroup;
			children = (
				C931548D2A8222A700855914 /* Routable.swift */,
				C931548E2A8222A700855914 /* Presentable.swift */,
				C931548F2A8222A700855914 /* Coordinator.swift */,
			);
			path = Protocols;
			sourceTree = "<group>";
		};
		C931549B2A82243600855914 /* PlayersListScreen */ = {
			isa = PBXGroup;
			children = (
				C93154992A8223C900855914 /* PlayersListScreen.swift */,
				C931549D2A82249E00855914 /* PlayersListViewModel.swift */,
			);
			path = PlayersListScreen;
			sourceTree = "<group>";
		};
		C931549C2A82243C00855914 /* LaunchScreen */ = {
			isa = PBXGroup;
			children = (
				C931546D2A8220EC00855914 /* LaunchScreen.storyboard */,
			);
			path = LaunchScreen;
			sourceTree = "<group>";
		};
		C931549F2A8225FD00855914 /* Modules */ = {
			isa = PBXGroup;
			children = (
				C93154A02A82261100855914 /* ModulesFactory.swift */,
			);
			path = Modules;
			sourceTree = "<group>";
		};
		C93154A22A8228C500855914 /* PlayerInfo */ = {
			isa = PBXGroup;
			children = (
				C93154A32A8228D400855914 /* PlayerInfo.swift */,
			);
			path = PlayerInfo;
			sourceTree = "<group>";
		};
		C93154A52A82294800855914 /* Player */ = {
			isa = PBXGroup;
			children = (
				C93154A62A82295000855914 /* Player.swift */,
			);
			path = Player;
			sourceTree = "<group>";
		};
		C93154AB2A822C2200855914 /* MockNetworkService */ = {
			isa = PBXGroup;
			children = (
				C93154AC2A822C3900855914 /* MockNetworkService.swift */,
			);
			path = MockNetworkService;
			sourceTree = "<group>";
		};
		C93154AE2A822C6A00855914 /* protocols */ = {
			isa = PBXGroup;
			children = (
				C93154AF2A822C7B00855914 /* DataProvider.swift */,
			);
			path = protocols;
			sourceTree = "<group>";
		};
		C93154B32A822FAF00855914 /* PlayerDetailScreen */ = {
			isa = PBXGroup;
			children = (
				C93154B42A822FC500855914 /* PlayerDetailScreen.swift */,
				C93154B62A82303A00855914 /* PlayerDetailViewModel.swift */,
			);
			path = PlayerDetailScreen;
			sourceTree = "<group>";
		};
/* End PBXGroup section */

/* Begin PBXNativeTarget section */
		C931545E2A8220EB00855914 /* PlayersApp */ = {
			isa = PBXNativeTarget;
			buildConfigurationList = C93154732A8220EC00855914 /* Build configuration list for PBXNativeTarget "PlayersApp" */;
			buildPhases = (
				C931545B2A8220EB00855914 /* Sources */,
				C931545C2A8220EB00855914 /* Frameworks */,
				C931545D2A8220EB00855914 /* Resources */,
			);
			buildRules = (
			);
			dependencies = (
			);
			name = PlayersApp;
			productName = PlayersApp;
			productReference = C931545F2A8220EB00855914 /* PlayersApp.app */;
			productType = "com.apple.product-type.application";
		};
/* End PBXNativeTarget section */

/* Begin PBXProject section */
		C93154572A8220EB00855914 /* Project object */ = {
			isa = PBXProject;
			attributes = {
				BuildIndependentTargetsInParallel = 1;
				LastSwiftUpdateCheck = 1400;
				LastUpgradeCheck = 1400;
				TargetAttributes = {
					C931545E2A8220EB00855914 = {
						CreatedOnToolsVersion = 14.0.1;
					};
				};
			};
			buildConfigurationList = C931545A2A8220EB00855914 /* Build configuration list for PBXProject "PlayersApp" */;
			compatibilityVersion = "Xcode 14.0";
			developmentRegion = en;
			hasScannedForEncodings = 0;
			knownRegions = (
				en,
				Base,
			);
			mainGroup = C93154562A8220EB00855914;
			productRefGroup = C93154602A8220EB00855914 /* Products */;
			projectDirPath = "";
			projectRoot = "";
			targets = (
				C931545E2A8220EB00855914 /* PlayersApp */,
			);
		};
/* End PBXProject section */

/* Begin PBXResourcesBuildPhase section */
		C931545D2A8220EB00855914 /* Resources */ = {
			isa = PBXResourcesBuildPhase;
			buildActionMask = 2147483647;
			files = (
				C931546F2A8220EC00855914 /* LaunchScreen.storyboard in Resources */,
				C931546C2A8220EC00855914 /* Assets.xcassets in Resources */,
				C93154B22A822D0A00855914 /* players.json in Resources */,
			);
			runOnlyForDeploymentPostprocessing = 0;
		};
/* End PBXResourcesBuildPhase section */

/* Begin PBXSourcesBuildPhase section */
		C931545B2A8220EB00855914 /* Sources */ = {
			isa = PBXSourcesBuildPhase;
			buildActionMask = 2147483647;
			files = (
				C93154902A8222A700855914 /* AppCoordinator.swift in Sources */,
				C93154942A8222A700855914 /* MainCoordinator.swift in Sources */,
				C93154912A8222A700855914 /* Router.swift in Sources */,
				C93154B52A822FC500855914 /* PlayerDetailScreen.swift in Sources */,
				C93154932A8222A700855914 /* BaseCoordinator.swift in Sources */,
				C93154952A8222A700855914 /* CoordinatorFactory.swift in Sources */,
				C93154632A8220EB00855914 /* AppDelegate.swift in Sources */,
				C93154A42A8228D400855914 /* PlayerInfo.swift in Sources */,
				C931549A2A8223C900855914 /* PlayersListScreen.swift in Sources */,
				C93154A12A82261100855914 /* ModulesFactory.swift in Sources */,
				C93154982A8222A700855914 /* Coordinator.swift in Sources */,
				C93154652A8220EB00855914 /* SceneDelegate.swift in Sources */,
				C93154AD2A822C3900855914 /* MockNetworkService.swift in Sources */,
				C931549E2A82249E00855914 /* PlayersListViewModel.swift in Sources */,
				C93154B02A822C7B00855914 /* DataProvider.swift in Sources */,
				C93154972A8222A700855914 /* Presentable.swift in Sources */,
				C93154B72A82303A00855914 /* PlayerDetailViewModel.swift in Sources */,
				C93154A72A82295000855914 /* Player.swift in Sources */,
				C93154962A8222A700855914 /* Routable.swift in Sources */,
			);
			runOnlyForDeploymentPostprocessing = 0;
		};
/* End PBXSourcesBuildPhase section */

/* Begin PBXVariantGroup section */
		C931546D2A8220EC00855914 /* LaunchScreen.storyboard */ = {
			isa = PBXVariantGroup;
			children = (
				C931546E2A8220EC00855914 /* Base */,
			);
			name = LaunchScreen.storyboard;
			sourceTree = "<group>";
		};
/* End PBXVariantGroup section */

/* Begin XCBuildConfiguration section */
		C93154712A8220EC00855914 /* Debug */ = {
			isa = XCBuildConfiguration;
			buildSettings = {
				ALWAYS_SEARCH_USER_PATHS = NO;
				CLANG_ANALYZER_NONNULL = YES;
				CLANG_ANALYZER_NUMBER_OBJECT_CONVERSION = YES_AGGRESSIVE;
				CLANG_CXX_LANGUAGE_STANDARD = "gnu++20";
				CLANG_ENABLE_MODULES = YES;
				CLANG_ENABLE_OBJC_ARC = YES;
				CLANG_ENABLE_OBJC_WEAK = YES;
				CLANG_WARN_BLOCK_CAPTURE_AUTORELEASING = YES;
				CLANG_WARN_BOOL_CONVERSION = YES;
				CLANG_WARN_COMMA = YES;
				CLANG_WARN_CONSTANT_CONVERSION = YES;
				CLANG_WARN_DEPRECATED_OBJC_IMPLEMENTATIONS = YES;
				CLANG_WARN_DIRECT_OBJC_ISA_USAGE = YES_ERROR;
				CLANG_WARN_DOCUMENTATION_COMMENTS = YES;
				CLANG_WARN_EMPTY_BODY = YES;
				CLANG_WARN_ENUM_CONVERSION = YES;
				CLANG_WARN_INFINITE_RECURSION = YES;
				CLANG_WARN_INT_CONVERSION = YES;
				CLANG_WARN_NON_LITERAL_NULL_CONVERSION = YES;
				CLANG_WARN_OBJC_IMPLICIT_RETAIN_SELF = YES;
				CLANG_WARN_OBJC_LITERAL_CONVERSION = YES;
				CLANG_WARN_OBJC_ROOT_CLASS = YES_ERROR;
				CLANG_WARN_QUOTED_INCLUDE_IN_FRAMEWORK_HEADER = YES;
				CLANG_WARN_RANGE_LOOP_ANALYSIS = YES;
				CLANG_WARN_STRICT_PROTOTYPES = YES;
				CLANG_WARN_SUSPICIOUS_MOVE = YES;
				CLANG_WARN_UNGUARDED_AVAILABILITY = YES_AGGRESSIVE;
				CLANG_WARN_UNREACHABLE_CODE = YES;
				CLANG_WARN__DUPLICATE_METHOD_MATCH = YES;
				COPY_PHASE_STRIP = NO;
				DEBUG_INFORMATION_FORMAT = dwarf;
				ENABLE_STRICT_OBJC_MSGSEND = YES;
				ENABLE_TESTABILITY = YES;
				GCC_C_LANGUAGE_STANDARD = gnu11;
				GCC_DYNAMIC_NO_PIC = NO;
				GCC_NO_COMMON_BLOCKS = YES;
				GCC_OPTIMIZATION_LEVEL = 0;
				GCC_PREPROCESSOR_DEFINITIONS = (
					"DEBUG=1",
					"$(inherited)",
				);
				GCC_WARN_64_TO_32_BIT_CONVERSION = YES;
				GCC_WARN_ABOUT_RETURN_TYPE = YES_ERROR;
				GCC_WARN_UNDECLARED_SELECTOR = YES;
				GCC_WARN_UNINITIALIZED_AUTOS = YES_AGGRESSIVE;
				GCC_WARN_UNUSED_FUNCTION = YES;
				GCC_WARN_UNUSED_VARIABLE = YES;
				IPHONEOS_DEPLOYMENT_TARGET = 15.0;
				MTL_ENABLE_DEBUG_INFO = INCLUDE_SOURCE;
				MTL_FAST_MATH = YES;
				ONLY_ACTIVE_ARCH = YES;
				SDKROOT = iphoneos;
				SWIFT_ACTIVE_COMPILATION_CONDITIONS = DEBUG;
				SWIFT_OPTIMIZATION_LEVEL = "-Onone";
			};
			name = Debug;
		};
		C93154722A8220EC00855914 /* Release */ = {
			isa = XCBuildConfiguration;
			buildSettings = {
				ALWAYS_SEARCH_USER_PATHS = NO;
				CLANG_ANALYZER_NONNULL = YES;
				CLANG_ANALYZER_NUMBER_OBJECT_CONVERSION = YES_AGGRESSIVE;
				CLANG_CXX_LANGUAGE_STANDARD = "gnu++20";
				CLANG_ENABLE_MODULES = YES;
				CLANG_ENABLE_OBJC_ARC = YES;
				CLANG_ENABLE_OBJC_WEAK = YES;
				CLANG_WARN_BLOCK_CAPTURE_AUTORELEASING = YES;
				CLANG_WARN_BOOL_CONVERSION = YES;
				CLANG_WARN_COMMA = YES;
				CLANG_WARN_CONSTANT_CONVERSION = YES;
				CLANG_WARN_DEPRECATED_OBJC_IMPLEMENTATIONS = YES;
				CLANG_WARN_DIRECT_OBJC_ISA_USAGE = YES_ERROR;
				CLANG_WARN_DOCUMENTATION_COMMENTS = YES;
				CLANG_WARN_EMPTY_BODY = YES;
				CLANG_WARN_ENUM_CONVERSION = YES;
				CLANG_WARN_INFINITE_RECURSION = YES;
				CLANG_WARN_INT_CONVERSION = YES;
				CLANG_WARN_NON_LITERAL_NULL_CONVERSION = YES;
				CLANG_WARN_OBJC_IMPLICIT_RETAIN_SELF = YES;
				CLANG_WARN_OBJC_LITERAL_CONVERSION = YES;
				CLANG_WARN_OBJC_ROOT_CLASS = YES_ERROR;
				CLANG_WARN_QUOTED_INCLUDE_IN_FRAMEWORK_HEADER = YES;
				CLANG_WARN_RANGE_LOOP_ANALYSIS = YES;
				CLANG_WARN_STRICT_PROTOTYPES = YES;
				CLANG_WARN_SUSPICIOUS_MOVE = YES;
				CLANG_WARN_UNGUARDED_AVAILABILITY = YES_AGGRESSIVE;
				CLANG_WARN_UNREACHABLE_CODE = YES;
				CLANG_WARN__DUPLICATE_METHOD_MATCH = YES;
				COPY_PHASE_STRIP = NO;
				DEBUG_INFORMATION_FORMAT = "dwarf-with-dsym";
				ENABLE_NS_ASSERTIONS = NO;
				ENABLE_STRICT_OBJC_MSGSEND = YES;
				GCC_C_LANGUAGE_STANDARD = gnu11;
				GCC_NO_COMMON_BLOCKS = YES;
				GCC_WARN_64_TO_32_BIT_CONVERSION = YES;
				GCC_WARN_ABOUT_RETURN_TYPE = YES_ERROR;
				GCC_WARN_UNDECLARED_SELECTOR = YES;
				GCC_WARN_UNINITIALIZED_AUTOS = YES_AGGRESSIVE;
				GCC_WARN_UNUSED_FUNCTION = YES;
				GCC_WARN_UNUSED_VARIABLE = YES;
				IPHONEOS_DEPLOYMENT_TARGET = 15.0;
				MTL_ENABLE_DEBUG_INFO = NO;
				MTL_FAST_MATH = YES;
				SDKROOT = iphoneos;
				SWIFT_COMPILATION_MODE = wholemodule;
				SWIFT_OPTIMIZATION_LEVEL = "-O";
				VALIDATE_PRODUCT = YES;
			};
			name = Release;
		};
		C93154742A8220EC00855914 /* Debug */ = {
			isa = XCBuildConfiguration;
			buildSettings = {
				ASSETCATALOG_COMPILER_APPICON_NAME = AppIcon;
				ASSETCATALOG_COMPILER_GLOBAL_ACCENT_COLOR_NAME = AccentColor;
				CODE_SIGN_STYLE = Automatic;
				CURRENT_PROJECT_VERSION = 1;
				DEVELOPMENT_TEAM = 2F3F8R7TSF;
				GENERATE_INFOPLIST_FILE = YES;
				INFOPLIST_FILE = PlayersApp/Enviroments/Info.plist;
				INFOPLIST_KEY_UIApplicationSupportsIndirectInputEvents = YES;
				INFOPLIST_KEY_UILaunchStoryboardName = LaunchScreen;
				INFOPLIST_KEY_UISupportedInterfaceOrientations = UIInterfaceOrientationPortrait;
				IPHONEOS_DEPLOYMENT_TARGET = 15.0;
				LD_RUNPATH_SEARCH_PATHS = (
					"$(inherited)",
					"@executable_path/Frameworks",
				);
				MARKETING_VERSION = 1.0;
				PRODUCT_BUNDLE_IDENTIFIER = com.alxplvv.dev.PlayersApp;
				PRODUCT_NAME = "$(TARGET_NAME)";
				SUPPORTED_PLATFORMS = "iphoneos iphonesimulator";
				SUPPORTS_MACCATALYST = NO;
				SUPPORTS_MAC_DESIGNED_FOR_IPHONE_IPAD = NO;
				SWIFT_EMIT_LOC_STRINGS = YES;
				SWIFT_VERSION = 5.0;
				TARGETED_DEVICE_FAMILY = 1;
			};
			name = Debug;
		};
		C93154752A8220EC00855914 /* Release */ = {
			isa = XCBuildConfiguration;
			buildSettings = {
				ASSETCATALOG_COMPILER_APPICON_NAME = AppIcon;
				ASSETCATALOG_COMPILER_GLOBAL_ACCENT_COLOR_NAME = AccentColor;
				CODE_SIGN_STYLE = Automatic;
				CURRENT_PROJECT_VERSION = 1;
				DEVELOPMENT_TEAM = 2F3F8R7TSF;
				GENERATE_INFOPLIST_FILE = YES;
				INFOPLIST_FILE = PlayersApp/Enviroments/Info.plist;
				INFOPLIST_KEY_UIApplicationSupportsIndirectInputEvents = YES;
				INFOPLIST_KEY_UILaunchStoryboardName = LaunchScreen;
				INFOPLIST_KEY_UISupportedInterfaceOrientations = UIInterfaceOrientationPortrait;
				IPHONEOS_DEPLOYMENT_TARGET = 15.0;
				LD_RUNPATH_SEARCH_PATHS = (
					"$(inherited)",
					"@executable_path/Frameworks",
				);
				MARKETING_VERSION = 1.0;
				PRODUCT_BUNDLE_IDENTIFIER = com.alxplvv.dev.PlayersApp;
				PRODUCT_NAME = "$(TARGET_NAME)";
				SUPPORTED_PLATFORMS = "iphoneos iphonesimulator";
				SUPPORTS_MACCATALYST = NO;
				SUPPORTS_MAC_DESIGNED_FOR_IPHONE_IPAD = NO;
				SWIFT_EMIT_LOC_STRINGS = YES;
				SWIFT_VERSION = 5.0;
				TARGETED_DEVICE_FAMILY = 1;
			};
			name = Release;
		};
/* End XCBuildConfiguration section */

/* Begin XCConfigurationList section */
		C931545A2A8220EB00855914 /* Build configuration list for PBXProject "PlayersApp" */ = {
			isa = XCConfigurationList;
			buildConfigurations = (
				C93154712A8220EC00855914 /* Debug */,
				C93154722A8220EC00855914 /* Release */,
			);
			defaultConfigurationIsVisible = 0;
			defaultConfigurationName = Release;
		};
		C93154732A8220EC00855914 /* Build configuration list for PBXNativeTarget "PlayersApp" */ = {
			isa = XCConfigurationList;
			buildConfigurations = (
				C93154742A8220EC00855914 /* Debug */,
				C93154752A8220EC00855914 /* Release */,
			);
			defaultConfigurationIsVisible = 0;
			defaultConfigurationName = Release;
		};
/* End XCConfigurationList section */
	};
	rootObject = C93154572A8220EB00855914 /* Project object */;
}
